// !$*UTF8*$!
{
	archiveVersion = 1;
	classes = {
	};
	objectVersion = 56;
	objects = {

/* Begin PBXBuildFile section */
		BD2DE9212C66447C00088AD3 /* QuizPage.swift in Sources */ = {isa = PBXBuildFile; fileRef = BD2DE9202C66447C00088AD3 /* QuizPage.swift */; };
		BDB1343F2C64D8C5006C43B4 /* InteractiveUIApp.swift in Sources */ = {isa = PBXBuildFile; fileRef = BDB1343E2C64D8C5006C43B4 /* InteractiveUIApp.swift */; };
		BDB134412C64D8C5006C43B4 /* ContentView.swift in Sources */ = {isa = PBXBuildFile; fileRef = BDB134402C64D8C5006C43B4 /* ContentView.swift */; };
		BDB134432C64D8C6006C43B4 /* Assets.xcassets in Resources */ = {isa = PBXBuildFile; fileRef = BDB134422C64D8C6006C43B4 /* Assets.xcassets */; };
		BDB134462C64D8C6006C43B4 /* Preview Assets.xcassets in Resources */ = {isa = PBXBuildFile; fileRef = BDB134452C64D8C6006C43B4 /* Preview Assets.xcassets */; };
		BDB134502C64D8C6006C43B4 /* InteractiveUITests.swift in Sources */ = {isa = PBXBuildFile; fileRef = BDB1344F2C64D8C6006C43B4 /* InteractiveUITests.swift */; };
		BDB1345A2C64D8C6006C43B4 /* InteractiveUIUITests.swift in Sources */ = {isa = PBXBuildFile; fileRef = BDB134592C64D8C6006C43B4 /* InteractiveUIUITests.swift */; };
		BDB1345C2C64D8C6006C43B4 /* InteractiveUIUITestsLaunchTests.swift in Sources */ = {isa = PBXBuildFile; fileRef = BDB1345B2C64D8C6006C43B4 /* InteractiveUIUITestsLaunchTests.swift */; };
/* End PBXBuildFile section */

/* Begin PBXContainerItemProxy section */
		BDB1344C2C64D8C6006C43B4 /* PBXContainerItemProxy */ = {
			isa = PBXContainerItemProxy;
			containerPortal = BDB134332C64D8C5006C43B4 /* Project object */;
			proxyType = 1;
			remoteGlobalIDString = BDB1343A2C64D8C5006C43B4;
			remoteInfo = InteractiveUI;
		};
		BDB134562C64D8C6006C43B4 /* PBXContainerItemProxy */ = {
			isa = PBXContainerItemProxy;
			containerPortal = BDB134332C64D8C5006C43B4 /* Project object */;
			proxyType = 1;
			remoteGlobalIDString = BDB1343A2C64D8C5006C43B4;
			remoteInfo = InteractiveUI;
		};
/* End PBXContainerItemProxy section */

/* Begin PBXFileReference section */
		BD2DE9202C66447C00088AD3 /* QuizPage.swift */ = {isa = PBXFileReference; lastKnownFileType = sourcecode.swift; path = QuizPage.swift; sourceTree = "<group>"; };
		BDB1343B2C64D8C5006C43B4 /* InteractiveUI.app */ = {isa = PBXFileReference; explicitFileType = wrapper.application; includeInIndex = 0; path = InteractiveUI.app; sourceTree = BUILT_PRODUCTS_DIR; };
		BDB1343E2C64D8C5006C43B4 /* InteractiveUIApp.swift */ = {isa = PBXFileReference; lastKnownFileType = sourcecode.swift; path = InteractiveUIApp.swift; sourceTree = "<group>"; };
		BDB134402C64D8C5006C43B4 /* ContentView.swift */ = {isa = PBXFileReference; lastKnownFileType = sourcecode.swift; path = ContentView.swift; sourceTree = "<group>"; };
		BDB134422C64D8C6006C43B4 /* Assets.xcassets */ = {isa = PBXFileReference; lastKnownFileType = folder.assetcatalog; path = Assets.xcassets; sourceTree = "<group>"; };
		BDB134452C64D8C6006C43B4 /* Preview Assets.xcassets */ = {isa = PBXFileReference; lastKnownFileType = folder.assetcatalog; path = "Preview Assets.xcassets"; sourceTree = "<group>"; };
		BDB1344B2C64D8C6006C43B4 /* InteractiveUITests.xctest */ = {isa = PBXFileReference; explicitFileType = wrapper.cfbundle; includeInIndex = 0; path = InteractiveUITests.xctest; sourceTree = BUILT_PRODUCTS_DIR; };
		BDB1344F2C64D8C6006C43B4 /* InteractiveUITests.swift */ = {isa = PBXFileReference; lastKnownFileType = sourcecode.swift; path = InteractiveUITests.swift; sourceTree = "<group>"; };
		BDB134552C64D8C6006C43B4 /* InteractiveUIUITests.xctest */ = {isa = PBXFileReference; explicitFileType = wrapper.cfbundle; includeInIndex = 0; path = InteractiveUIUITests.xctest; sourceTree = BUILT_PRODUCTS_DIR; };
		BDB134592C64D8C6006C43B4 /* InteractiveUIUITests.swift */ = {isa = PBXFileReference; lastKnownFileType = sourcecode.swift; path = InteractiveUIUITests.swift; sourceTree = "<group>"; };
		BDB1345B2C64D8C6006C43B4 /* InteractiveUIUITestsLaunchTests.swift */ = {isa = PBXFileReference; lastKnownFileType = sourcecode.swift; path = InteractiveUIUITestsLaunchTests.swift; sourceTree = "<group>"; };
/* End PBXFileReference section */

/* Begin PBXFrameworksBuildPhase section */
		BDB134382C64D8C5006C43B4 /* Frameworks */ = {
			isa = PBXFrameworksBuildPhase;
			buildActionMask = 2147483647;
			files = (
			);
			runOnlyForDeploymentPostprocessing = 0;
		};
		BDB134482C64D8C6006C43B4 /* Frameworks */ = {
			isa = PBXFrameworksBuildPhase;
			buildActionMask = 2147483647;
			files = (
			);
			runOnlyForDeploymentPostprocessing = 0;
		};
		BDB134522C64D8C6006C43B4 /* Frameworks */ = {
			isa = PBXFrameworksBuildPhase;
			buildActionMask = 2147483647;
			files = (
			);
			runOnlyForDeploymentPostprocessing = 0;
		};
/* End PBXFrameworksBuildPhase section */

/* Begin PBXGroup section */
		BDB134322C64D8C5006C43B4 = {
			isa = PBXGroup;
			children = (
				BDB1343D2C64D8C5006C43B4 /* InteractiveUI */,
				BDB1344E2C64D8C6006C43B4 /* InteractiveUITests */,
				BDB134582C64D8C6006C43B4 /* InteractiveUIUITests */,
				BDB1343C2C64D8C5006C43B4 /* Products */,
			);
			sourceTree = "<group>";
		};
		BDB1343C2C64D8C5006C43B4 /* Products */ = {
			isa = PBXGroup;
			children = (
				BDB1343B2C64D8C5006C43B4 /* InteractiveUI.app */,
				BDB1344B2C64D8C6006C43B4 /* InteractiveUITests.xctest */,
				BDB134552C64D8C6006C43B4 /* InteractiveUIUITests.xctest */,
			);
			name = Products;
			sourceTree = "<group>";
		};
		BDB1343D2C64D8C5006C43B4 /* InteractiveUI */ = {
			isa = PBXGroup;
			children = (
				BDB1343E2C64D8C5006C43B4 /* InteractiveUIApp.swift */,
				BDB134402C64D8C5006C43B4 /* ContentView.swift */,
				BD2DE9202C66447C00088AD3 /* QuizPage.swift */,
				BDB134422C64D8C6006C43B4 /* Assets.xcassets */,
				BDB134442C64D8C6006C43B4 /* Preview Content */,
			);
			path = InteractiveUI;
			sourceTree = "<group>";
		};
		BDB134442C64D8C6006C43B4 /* Preview Content */ = {
			isa = PBXGroup;
			children = (
				BDB134452C64D8C6006C43B4 /* Preview Assets.xcassets */,
			);
			path = "Preview Content";
			sourceTree = "<group>";
		};
		BDB1344E2C64D8C6006C43B4 /* InteractiveUITests */ = {
			isa = PBXGroup;
			children = (
				BDB1344F2C64D8C6006C43B4 /* InteractiveUITests.swift */,
			);
			path = InteractiveUITests;
			sourceTree = "<group>";
		};
		BDB134582C64D8C6006C43B4 /* InteractiveUIUITests */ = {
			isa = PBXGroup;
			children = (
				BDB134592C64D8C6006C43B4 /* InteractiveUIUITests.swift */,
				BDB1345B2C64D8C6006C43B4 /* InteractiveUIUITestsLaunchTests.swift */,
			);
			path = InteractiveUIUITests;
			sourceTree = "<group>";
		};
/* End PBXGroup section */

/* Begin PBXNativeTarget section */
		BDB1343A2C64D8C5006C43B4 /* InteractiveUI */ = {
			isa = PBXNativeTarget;
			buildConfigurationList = BDB1345F2C64D8C6006C43B4 /* Build configuration list for PBXNativeTarget "InteractiveUI" */;
			buildPhases = (
				BDB134372C64D8C5006C43B4 /* Sources */,
				BDB134382C64D8C5006C43B4 /* Frameworks */,
				BDB134392C64D8C5006C43B4 /* Resources */,
			);
			buildRules = (
			);
			dependencies = (
			);
			name = InteractiveUI;
			productName = InteractiveUI;
			productReference = BDB1343B2C64D8C5006C43B4 /* InteractiveUI.app */;
			productType = "com.apple.product-type.application";
		};
		BDB1344A2C64D8C6006C43B4 /* InteractiveUITests */ = {
			isa = PBXNativeTarget;
			buildConfigurationList = BDB134622C64D8C6006C43B4 /* Build configuration list for PBXNativeTarget "InteractiveUITests" */;
			buildPhases = (
				BDB134472C64D8C6006C43B4 /* Sources */,
				BDB134482C64D8C6006C43B4 /* Frameworks */,
				BDB134492C64D8C6006C43B4 /* Resources */,
			);
			buildRules = (
			);
			dependencies = (
				BDB1344D2C64D8C6006C43B4 /* PBXTargetDependency */,
			);
			name = InteractiveUITests;
			productName = InteractiveUITests;
			productReference = BDB1344B2C64D8C6006C43B4 /* InteractiveUITests.xctest */;
			productType = "com.apple.product-type.bundle.unit-test";
		};
		BDB134542C64D8C6006C43B4 /* InteractiveUIUITests */ = {
			isa = PBXNativeTarget;
			buildConfigurationList = BDB134652C64D8C6006C43B4 /* Build configuration list for PBXNativeTarget "InteractiveUIUITests" */;
			buildPhases = (
				BDB134512C64D8C6006C43B4 /* Sources */,
				BDB134522C64D8C6006C43B4 /* Frameworks */,
				BDB134532C64D8C6006C43B4 /* Resources */,
			);
			buildRules = (
			);
			dependencies = (
				BDB134572C64D8C6006C43B4 /* PBXTargetDependency */,
			);
			name = InteractiveUIUITests;
			productName = InteractiveUIUITests;
			productReference = BDB134552C64D8C6006C43B4 /* InteractiveUIUITests.xctest */;
			productType = "com.apple.product-type.bundle.ui-testing";
		};
/* End PBXNativeTarget section */

/* Begin PBXProject section */
		BDB134332C64D8C5006C43B4 /* Project object */ = {
			isa = PBXProject;
			attributes = {
				BuildIndependentTargetsInParallel = 1;
				LastSwiftUpdateCheck = 1540;
				LastUpgradeCheck = 1540;
				TargetAttributes = {
					BDB1343A2C64D8C5006C43B4 = {
						CreatedOnToolsVersion = 15.4;
					};
					BDB1344A2C64D8C6006C43B4 = {
						CreatedOnToolsVersion = 15.4;
						TestTargetID = BDB1343A2C64D8C5006C43B4;
					};
					BDB134542C64D8C6006C43B4 = {
						CreatedOnToolsVersion = 15.4;
						TestTargetID = BDB1343A2C64D8C5006C43B4;
					};
				};
			};
			buildConfigurationList = BDB134362C64D8C5006C43B4 /* Build configuration list for PBXProject "InteractiveUI" */;
			compatibilityVersion = "Xcode 14.0";
			developmentRegion = en;
			hasScannedForEncodings = 0;
			knownRegions = (
				en,
				Base,
			);
			mainGroup = BDB134322C64D8C5006C43B4;
			productRefGroup = BDB1343C2C64D8C5006C43B4 /* Products */;
			projectDirPath = "";
			projectRoot = "";
			targets = (
				BDB1343A2C64D8C5006C43B4 /* InteractiveUI */,
				BDB1344A2C64D8C6006C43B4 /* InteractiveUITests */,
				BDB134542C64D8C6006C43B4 /* InteractiveUIUITests */,
			);
		};
/* End PBXProject section */

/* Begin PBXResourcesBuildPhase section */
		BDB134392C64D8C5006C43B4 /* Resources */ = {
			isa = PBXResourcesBuildPhase;
			buildActionMask = 2147483647;
			files = (
				BDB134462C64D8C6006C43B4 /* Preview Assets.xcassets in Resources */,
				BDB134432C64D8C6006C43B4 /* Assets.xcassets in Resources */,
			);
			runOnlyForDeploymentPostprocessing = 0;
		};
		BDB134492C64D8C6006C43B4 /* Resources */ = {
			isa = PBXResourcesBuildPhase;
			buildActionMask = 2147483647;
			files = (
			);
			runOnlyForDeploymentPostprocessing = 0;
		};
		BDB134532C64D8C6006C43B4 /* Resources */ = {
			isa = PBXResourcesBuildPhase;
			buildActionMask = 2147483647;
			files = (
			);
			runOnlyForDeploymentPostprocessing = 0;
		};
/* End PBXResourcesBuildPhase section */

/* Begin PBXSourcesBuildPhase section */
		BDB134372C64D8C5006C43B4 /* Sources */ = {
			isa = PBXSourcesBuildPhase;
			buildActionMask = 2147483647;
			files = (
				BD2DE9212C66447C00088AD3 /* QuizPage.swift in Sources */,
				BDB134412C64D8C5006C43B4 /* ContentView.swift in Sources */,
				BDB1343F2C64D8C5006C43B4 /* InteractiveUIApp.swift in Sources */,
			);
			runOnlyForDeploymentPostprocessing = 0;
		};
		BDB134472C64D8C6006C43B4 /* Sources */ = {
			isa = PBXSourcesBuildPhase;
			buildActionMask = 2147483647;
			files = (
				BDB134502C64D8C6006C43B4 /* InteractiveUITests.swift in Sources */,
			);
			runOnlyForDeploymentPostprocessing = 0;
		};
		BDB134512C64D8C6006C43B4 /* Sources */ = {
			isa = PBXSourcesBuildPhase;
			buildActionMask = 2147483647;
			files = (
				BDB1345A2C64D8C6006C43B4 /* InteractiveUIUITests.swift in Sources */,
				BDB1345C2C64D8C6006C43B4 /* InteractiveUIUITestsLaunchTests.swift in Sources */,
			);
			runOnlyForDeploymentPostprocessing = 0;
		};
/* End PBXSourcesBuildPhase section */

/* Begin PBXTargetDependency section */
		BDB1344D2C64D8C6006C43B4 /* PBXTargetDependency */ = {
			isa = PBXTargetDependency;
			target = BDB1343A2C64D8C5006C43B4 /* InteractiveUI */;
			targetProxy = BDB1344C2C64D8C6006C43B4 /* PBXContainerItemProxy */;
		};
		BDB134572C64D8C6006C43B4 /* PBXTargetDependency */ = {
			isa = PBXTargetDependency;
			target = BDB1343A2C64D8C5006C43B4 /* InteractiveUI */;
			targetProxy = BDB134562C64D8C6006C43B4 /* PBXContainerItemProxy */;
		};
/* End PBXTargetDependency section */

/* Begin XCBuildConfiguration section */
		BDB1345D2C64D8C6006C43B4 /* Debug */ = {
			isa = XCBuildConfiguration;
			buildSettings = {
				ALWAYS_SEARCH_USER_PATHS = NO;
				ASSETCATALOG_COMPILER_GENERATE_SWIFT_ASSET_SYMBOL_EXTENSIONS = YES;
				CLANG_ANALYZER_NONNULL = YES;
				CLANG_ANALYZER_NUMBER_OBJECT_CONVERSION = YES_AGGRESSIVE;
				CLANG_CXX_LANGUAGE_STANDARD = "gnu++20";
				CLANG_ENABLE_MODULES = YES;
				CLANG_ENABLE_OBJC_ARC = YES;
				CLANG_ENABLE_OBJC_WEAK = YES;
				CLANG_WARN_BLOCK_CAPTURE_AUTORELEASING = YES;
				CLANG_WARN_BOOL_CONVERSION = YES;
				CLANG_WARN_COMMA = YES;
				CLANG_WARN_CONSTANT_CONVERSION = YES;
				CLANG_WARN_DEPRECATED_OBJC_IMPLEMENTATIONS = YES;
				CLANG_WARN_DIRECT_OBJC_ISA_USAGE = YES_ERROR;
				CLANG_WARN_DOCUMENTATION_COMMENTS = YES;
				CLANG_WARN_EMPTY_BODY = YES;
				CLANG_WARN_ENUM_CONVERSION = YES;
				CLANG_WARN_INFINITE_RECURSION = YES;
				CLANG_WARN_INT_CONVERSION = YES;
				CLANG_WARN_NON_LITERAL_NULL_CONVERSION = YES;
				CLANG_WARN_OBJC_IMPLICIT_RETAIN_SELF = YES;
				CLANG_WARN_OBJC_LITERAL_CONVERSION = YES;
				CLANG_WARN_OBJC_ROOT_CLASS = YES_ERROR;
				CLANG_WARN_QUOTED_INCLUDE_IN_FRAMEWORK_HEADER = YES;
				CLANG_WARN_RANGE_LOOP_ANALYSIS = YES;
				CLANG_WARN_STRICT_PROTOTYPES = YES;
				CLANG_WARN_SUSPICIOUS_MOVE = YES;
				CLANG_WARN_UNGUARDED_AVAILABILITY = YES_AGGRESSIVE;
				CLANG_WARN_UNREACHABLE_CODE = YES;
				CLANG_WARN__DUPLICATE_METHOD_MATCH = YES;
				COPY_PHASE_STRIP = NO;
				DEBUG_INFORMATION_FORMAT = dwarf;
				ENABLE_STRICT_OBJC_MSGSEND = YES;
				ENABLE_TESTABILITY = YES;
				ENABLE_USER_SCRIPT_SANDBOXING = YES;
				GCC_C_LANGUAGE_STANDARD = gnu17;
				GCC_DYNAMIC_NO_PIC = NO;
				GCC_NO_COMMON_BLOCKS = YES;
				GCC_OPTIMIZATION_LEVEL = 0;
				GCC_PREPROCESSOR_DEFINITIONS = (
					"DEBUG=1",
					"$(inherited)",
				);
				GCC_WARN_64_TO_32_BIT_CONVERSION = YES;
				GCC_WARN_ABOUT_RETURN_TYPE = YES_ERROR;
				GCC_WARN_UNDECLARED_SELECTOR = YES;
				GCC_WARN_UNINITIALIZED_AUTOS = YES_AGGRESSIVE;
				GCC_WARN_UNUSED_FUNCTION = YES;
				GCC_WARN_UNUSED_VARIABLE = YES;
				IPHONEOS_DEPLOYMENT_TARGET = 17.5;
				LOCALIZATION_PREFERS_STRING_CATALOGS = YES;
				MTL_ENABLE_DEBUG_INFO = INCLUDE_SOURCE;
				MTL_FAST_MATH = YES;
				ONLY_ACTIVE_ARCH = YES;
				SDKROOT = iphoneos;
				SWIFT_ACTIVE_COMPILATION_CONDITIONS = "DEBUG $(inherited)";
				SWIFT_OPTIMIZATION_LEVEL = "-Onone";
			};
			name = Debug;
		};
		BDB1345E2C64D8C6006C43B4 /* Release */ = {
			isa = XCBuildConfiguration;
			buildSettings = {
				ALWAYS_SEARCH_USER_PATHS = NO;
				ASSETCATALOG_COMPILER_GENERATE_SWIFT_ASSET_SYMBOL_EXTENSIONS = YES;
				CLANG_ANALYZER_NONNULL = YES;
				CLANG_ANALYZER_NUMBER_OBJECT_CONVERSION = YES_AGGRESSIVE;
				CLANG_CXX_LANGUAGE_STANDARD = "gnu++20";
				CLANG_ENABLE_MODULES = YES;
				CLANG_ENABLE_OBJC_ARC = YES;
				CLANG_ENABLE_OBJC_WEAK = YES;
				CLANG_WARN_BLOCK_CAPTURE_AUTORELEASING = YES;
				CLANG_WARN_BOOL_CONVERSION = YES;
				CLANG_WARN_COMMA = YES;
				CLANG_WARN_CONSTANT_CONVERSION = YES;
				CLANG_WARN_DEPRECATED_OBJC_IMPLEMENTATIONS = YES;
				CLANG_WARN_DIRECT_OBJC_ISA_USAGE = YES_ERROR;
				CLANG_WARN_DOCUMENTATION_COMMENTS = YES;
				CLANG_WARN_EMPTY_BODY = YES;
				CLANG_WARN_ENUM_CONVERSION = YES;
				CLANG_WARN_INFINITE_RECURSION = YES;
				CLANG_WARN_INT_CONVERSION = YES;
				CLANG_WARN_NON_LITERAL_NULL_CONVERSION = YES;
				CLANG_WARN_OBJC_IMPLICIT_RETAIN_SELF = YES;
				CLANG_WARN_OBJC_LITERAL_CONVERSION = YES;
				CLANG_WARN_OBJC_ROOT_CLASS = YES_ERROR;
				CLANG_WARN_QUOTED_INCLUDE_IN_FRAMEWORK_HEADER = YES;
				CLANG_WARN_RANGE_LOOP_ANALYSIS = YES;
				CLANG_WARN_STRICT_PROTOTYPES = YES;
				CLANG_WARN_SUSPICIOUS_MOVE = YES;
				CLANG_WARN_UNGUARDED_AVAILABILITY = YES_AGGRESSIVE;
				CLANG_WARN_UNREACHABLE_CODE = YES;
				CLANG_WARN__DUPLICATE_METHOD_MATCH = YES;
				COPY_PHASE_STRIP = NO;
				DEBUG_INFORMATION_FORMAT = "dwarf-with-dsym";
				ENABLE_NS_ASSERTIONS = NO;
				ENABLE_STRICT_OBJC_MSGSEND = YES;
				ENABLE_USER_SCRIPT_SANDBOXING = YES;
				GCC_C_LANGUAGE_STANDARD = gnu17;
				GCC_NO_COMMON_BLOCKS = YES;
				GCC_WARN_64_TO_32_BIT_CONVERSION = YES;
				GCC_WARN_ABOUT_RETURN_TYPE = YES_ERROR;
				GCC_WARN_UNDECLARED_SELECTOR = YES;
				GCC_WARN_UNINITIALIZED_AUTOS = YES_AGGRESSIVE;
				GCC_WARN_UNUSED_FUNCTION = YES;
				GCC_WARN_UNUSED_VARIABLE = YES;
				IPHONEOS_DEPLOYMENT_TARGET = 17.5;
				LOCALIZATION_PREFERS_STRING_CATALOGS = YES;
				MTL_ENABLE_DEBUG_INFO = NO;
				MTL_FAST_MATH = YES;
				SDKROOT = iphoneos;
				SWIFT_COMPILATION_MODE = wholemodule;
				VALIDATE_PRODUCT = YES;
			};
			name = Release;
		};
		BDB134602C64D8C6006C43B4 /* Debug */ = {
			isa = XCBuildConfiguration;
			buildSettings = {
				ASSETCATALOG_COMPILER_APPICON_NAME = AppIcon;
				ASSETCATALOG_COMPILER_GLOBAL_ACCENT_COLOR_NAME = AccentColor;
				CODE_SIGN_STYLE = Automatic;
				CURRENT_PROJECT_VERSION = 1;
				DEVELOPMENT_ASSET_PATHS = "\"InteractiveUI/Preview Content\"";
				ENABLE_PREVIEWS = YES;
				GENERATE_INFOPLIST_FILE = YES;
				INFOPLIST_KEY_UIApplicationSceneManifest_Generation = YES;
				INFOPLIST_KEY_UIApplicationSupportsIndirectInputEvents = YES;
				INFOPLIST_KEY_UILaunchScreen_Generation = YES;
				INFOPLIST_KEY_UISupportedInterfaceOrientations_iPad = "UIInterfaceOrientationPortrait UIInterfaceOrientationPortraitUpsideDown UIInterfaceOrientationLandscapeLeft UIInterfaceOrientationLandscapeRight";
				INFOPLIST_KEY_UISupportedInterfaceOrientations_iPhone = "UIInterfaceOrientationPortrait UIInterfaceOrientationLandscapeLeft UIInterfaceOrientationLandscapeRight";
				LD_RUNPATH_SEARCH_PATHS = (
					"$(inherited)",
					"@executable_path/Frameworks",
				);
				MARKETING_VERSION = 1.0;
				PRODUCT_BUNDLE_IDENTIFIER = KodeWithKlossy.InteractiveUI;
				PRODUCT_NAME = "$(TARGET_NAME)";
				SWIFT_EMIT_LOC_STRINGS = YES;
				SWIFT_VERSION = 5.0;
				TARGETED_DEVICE_FAMILY = "1,2";
			};
			name = Debug;
		};
		BDB134612C64D8C6006C43B4 /* Release */ = {
			isa = XCBuildConfiguration;
			buildSettings = {
				ASSETCATALOG_COMPILER_APPICON_NAME = AppIcon;
				ASSETCATALOG_COMPILER_GLOBAL_ACCENT_COLOR_NAME = AccentColor;
				CODE_SIGN_STYLE = Automatic;
				CURRENT_PROJECT_VERSION = 1;
				DEVELOPMENT_ASSET_PATHS = "\"InteractiveUI/Preview Content\"";
				ENABLE_PREVIEWS = YES;
				GENERATE_INFOPLIST_FILE = YES;
				INFOPLIST_KEY_UIApplicationSceneManifest_Generation = YES;
				INFOPLIST_KEY_UIApplicationSupportsIndirectInputEvents = YES;
				INFOPLIST_KEY_UILaunchScreen_Generation = YES;
				INFOPLIST_KEY_UISupportedInterfaceOrientations_iPad = "UIInterfaceOrientationPortrait UIInterfaceOrientationPortraitUpsideDown UIInterfaceOrientationLandscapeLeft UIInterfaceOrientationLandscapeRight";
				INFOPLIST_KEY_UISupportedInterfaceOrientations_iPhone = "UIInterfaceOrientationPortrait UIInterfaceOrientationLandscapeLeft UIInterfaceOrientationLandscapeRight";
				LD_RUNPATH_SEARCH_PATHS = (
					"$(inherited)",
					"@executable_path/Frameworks",
				);
				MARKETING_VERSION = 1.0;
				PRODUCT_BUNDLE_IDENTIFIER = KodeWithKlossy.InteractiveUI;
				PRODUCT_NAME = "$(TARGET_NAME)";
				SWIFT_EMIT_LOC_STRINGS = YES;
				SWIFT_VERSION = 5.0;
				TARGETED_DEVICE_FAMILY = "1,2";
			};
			name = Release;
		};
		BDB134632C64D8C6006C43B4 /* Debug */ = {
			isa = XCBuildConfiguration;
			buildSettings = {
				ALWAYS_EMBED_SWIFT_STANDARD_LIBRARIES = YES;
				BUNDLE_LOADER = "$(TEST_HOST)";
				CODE_SIGN_STYLE = Automatic;
				CURRENT_PROJECT_VERSION = 1;
				GENERATE_INFOPLIST_FILE = YES;
				IPHONEOS_DEPLOYMENT_TARGET = 17.5;
				MARKETING_VERSION = 1.0;
				PRODUCT_BUNDLE_IDENTIFIER = KodeWithKlossy.InteractiveUITests;
				PRODUCT_NAME = "$(TARGET_NAME)";
				SWIFT_EMIT_LOC_STRINGS = NO;
				SWIFT_VERSION = 5.0;
				TARGETED_DEVICE_FAMILY = "1,2";
				TEST_HOST = "$(BUILT_PRODUCTS_DIR)/InteractiveUI.app/$(BUNDLE_EXECUTABLE_FOLDER_PATH)/InteractiveUI";
			};
			name = Debug;
		};
		BDB134642C64D8C6006C43B4 /* Release */ = {
			isa = XCBuildConfiguration;
			buildSettings = {
				ALWAYS_EMBED_SWIFT_STANDARD_LIBRARIES = YES;
				BUNDLE_LOADER = "$(TEST_HOST)";
				CODE_SIGN_STYLE = Automatic;
				CURRENT_PROJECT_VERSION = 1;
				GENERATE_INFOPLIST_FILE = YES;
				IPHONEOS_DEPLOYMENT_TARGET = 17.5;
				MARKETING_VERSION = 1.0;
				PRODUCT_BUNDLE_IDENTIFIER = KodeWithKlossy.InteractiveUITests;
				PRODUCT_NAME = "$(TARGET_NAME)";
				SWIFT_EMIT_LOC_STRINGS = NO;
				SWIFT_VERSION = 5.0;
				TARGETED_DEVICE_FAMILY = "1,2";
				TEST_HOST = "$(BUILT_PRODUCTS_DIR)/InteractiveUI.app/$(BUNDLE_EXECUTABLE_FOLDER_PATH)/InteractiveUI";
			};
			name = Release;
		};
		BDB134662C64D8C6006C43B4 /* Debug */ = {
			isa = XCBuildConfiguration;
			buildSettings = {
				ALWAYS_EMBED_SWIFT_STANDARD_LIBRARIES = YES;
				CODE_SIGN_STYLE = Automatic;
				CURRENT_PROJECT_VERSION = 1;
				GENERATE_INFOPLIST_FILE = YES;
				MARKETING_VERSION = 1.0;
				PRODUCT_BUNDLE_IDENTIFIER = KodeWithKlossy.InteractiveUIUITests;
				PRODUCT_NAME = "$(TARGET_NAME)";
				SWIFT_EMIT_LOC_STRINGS = NO;
				SWIFT_VERSION = 5.0;
				TARGETED_DEVICE_FAMILY = "1,2";
				TEST_TARGET_NAME = InteractiveUI;
			};
			name = Debug;
		};
		BDB134672C64D8C6006C43B4 /* Release */ = {
			isa = XCBuildConfiguration;
			buildSettings = {
				ALWAYS_EMBED_SWIFT_STANDARD_LIBRARIES = YES;
				CODE_SIGN_STYLE = Automatic;
				CURRENT_PROJECT_VERSION = 1;
				GENERATE_INFOPLIST_FILE = YES;
				MARKETING_VERSION = 1.0;
				PRODUCT_BUNDLE_IDENTIFIER = KodeWithKlossy.InteractiveUIUITests;
				PRODUCT_NAME = "$(TARGET_NAME)";
				SWIFT_EMIT_LOC_STRINGS = NO;
				SWIFT_VERSION = 5.0;
				TARGETED_DEVICE_FAMILY = "1,2";
				TEST_TARGET_NAME = InteractiveUI;
			};
			name = Release;
		};
/* End XCBuildConfiguration section */

/* Begin XCConfigurationList section */
		BDB134362C64D8C5006C43B4 /* Build configuration list for PBXProject "InteractiveUI" */ = {
			isa = XCConfigurationList;
			buildConfigurations = (
				BDB1345D2C64D8C6006C43B4 /* Debug */,
				BDB1345E2C64D8C6006C43B4 /* Release */,
			);
			defaultConfigurationIsVisible = 0;
			defaultConfigurationName = Release;
		};
		BDB1345F2C64D8C6006C43B4 /* Build configuration list for PBXNativeTarget "InteractiveUI" */ = {
			isa = XCConfigurationList;
			buildConfigurations = (
				BDB134602C64D8C6006C43B4 /* Debug */,
				BDB134612C64D8C6006C43B4 /* Release */,
			);
			defaultConfigurationIsVisible = 0;
			defaultConfigurationName = Release;
		};
		BDB134622C64D8C6006C43B4 /* Build configuration list for PBXNativeTarget "InteractiveUITests" */ = {
			isa = XCConfigurationList;
			buildConfigurations = (
				BDB134632C64D8C6006C43B4 /* Debug */,
				BDB134642C64D8C6006C43B4 /* Release */,
			);
			defaultConfigurationIsVisible = 0;
			defaultConfigurationName = Release;
		};
		BDB134652C64D8C6006C43B4 /* Build configuration list for PBXNativeTarget "InteractiveUIUITests" */ = {
			isa = XCConfigurationList;
			buildConfigurations = (
				BDB134662C64D8C6006C43B4 /* Debug */,
				BDB134672C64D8C6006C43B4 /* Release */,
			);
			defaultConfigurationIsVisible = 0;
			defaultConfigurationName = Release;
		};
/* End XCConfigurationList section */
	};
	rootObject = BDB134332C64D8C5006C43B4 /* Project object */;
}
